
Microsoft Visual Studio Solution File, Format Version 12.00
# Visual Studio Version 16
VisualStudioVersion = 16.0.29728.190
MinimumVisualStudioVersion = 10.0.40219.1
Project("{FAE04EC0-301F-11D3-BF4B-00C04F79EFBC}") = "16012775_CLDV_POE(Task3)", "16012775_CLDV_POE(Task3).csproj", "{5B62A19D-122F-4FA1-BFF4-4A0EC5936AC9}"
EndProject
Global
	GlobalSection(SolutionConfigurationPlatforms) = preSolution
		Debug|Any CPU = Debug|Any CPU
		Release|Any CPU = Release|Any CPU
	EndGlobalSection
	GlobalSection(ProjectConfigurationPlatforms) = postSolution
		{5B62A19D-122F-4FA1-BFF4-4A0EC5936AC9}.Debug|Any CPU.ActiveCfg = Debug|Any CPU
		{5B62A19D-122F-4FA1-BFF4-4A0EC5936AC9}.Debug|Any CPU.Build.0 = Debug|Any CPU
		{5B62A19D-122F-4FA1-BFF4-4A0EC5936AC9}.Release|Any CPU.ActiveCfg = Release|Any CPU
		{5B62A19D-122F-4FA1-BFF4-4A0EC5936AC9}.Release|Any CPU.Build.0 = Release|Any CPU
	EndGlobalSection
	GlobalSection(SolutionProperties) = preSolution
		HideSolutionNode = FALSE
	EndGlobalSection
	GlobalSection(ExtensibilityGlobals) = postSolution
		SolutionGuid = {258470A9-EE39-452B-81C9-85A500C6F746}
	EndGlobalSection
EndGlobal
